
Microsoft Visual Studio Solution File, Format Version 12.00
# Visual Studio 2013
VisualStudioVersion = 12.0.31101.0
MinimumVisualStudioVersion = 10.0.40219.1
Project("{FAE04EC0-301F-11D3-BF4B-00C04F79EFBC}") = "MyMvcDemoApp", "MyMvcDemoApp\MyMvcDemoApp.csproj", "{3B114364-CC21-4659-9D72-4B78C45EE5BC}"
EndProject
Project("{FAE04EC0-301F-11D3-BF4B-00C04F79EFBC}") = "SecurityApplicationData", "SecurityApplicationData\SecurityApplicationData.csproj", "{8D704FE7-558C-44EC-A6D2-BE8F9968D3B0}"
EndProject
Global
	GlobalSection(SolutionConfigurationPlatforms) = preSolution
		Debug|Any CPU = Debug|Any CPU
		Release|Any CPU = Release|Any CPU
	EndGlobalSection
	GlobalSection(ProjectConfigurationPlatforms) = postSolution
		{3B114364-CC21-4659-9D72-4B78C45EE5BC}.Debug|Any CPU.ActiveCfg = Debug|Any CPU
		{3B114364-CC21-4659-9D72-4B78C45EE5BC}.Debug|Any CPU.Build.0 = Debug|Any CPU
		{3B114364-CC21-4659-9D72-4B78C45EE5BC}.Release|Any CPU.ActiveCfg = Release|Any CPU
		{3B114364-CC21-4659-9D72-4B78C45EE5BC}.Release|Any CPU.Build.0 = Release|Any CPU
		{8D704FE7-558C-44EC-A6D2-BE8F9968D3B0}.Debug|Any CPU.ActiveCfg = Debug|Any CPU
		{8D704FE7-558C-44EC-A6D2-BE8F9968D3B0}.Debug|Any CPU.Build.0 = Debug|Any CPU
		{8D704FE7-558C-44EC-A6D2-BE8F9968D3B0}.Release|Any CPU.ActiveCfg = Release|Any CPU
		{8D704FE7-558C-44EC-A6D2-BE8F9968D3B0}.Release|Any CPU.Build.0 = Release|Any CPU
	EndGlobalSection
	GlobalSection(SolutionProperties) = preSolution
		HideSolutionNode = FALSE
	EndGlobalSection
EndGlobal
